
Microsoft Visual Studio Solution File, Format Version 12.00
# Visual Studio 15
VisualStudioVersion = 15.0.27130.2024
MinimumVisualStudioVersion = 10.0.40219.1
Project("{FAE04EC0-301F-11D3-BF4B-00C04F79EFBC}") = "WpfTreeView", "WpfTreeView\WpfTreeView.csproj", "{E50A8FC7-A543-4C07-8596-B491D9E5B954}"
EndProject
Global
	GlobalSection(SolutionConfigurationPlatforms) = preSolution
		Debug|Any CPU = Debug|Any CPU
		Release|Any CPU = Release|Any CPU
	EndGlobalSection
	GlobalSection(ProjectConfigurationPlatforms) = postSolution
		{E50A8FC7-A543-4C07-8596-B491D9E5B954}.Debug|Any CPU.ActiveCfg = Debug|Any CPU
		{E50A8FC7-A543-4C07-8596-B491D9E5B954}.Debug|Any CPU.Build.0 = Debug|Any CPU
		{E50A8FC7-A543-4C07-8596-B491D9E5B954}.Release|Any CPU.ActiveCfg = Release|Any CPU
		{E50A8FC7-A543-4C07-8596-B491D9E5B954}.Release|Any CPU.Build.0 = Release|Any CPU
	EndGlobalSection
	GlobalSection(SolutionProperties) = preSolution
		HideSolutionNode = FALSE
	EndGlobalSection
	GlobalSection(ExtensibilityGlobals) = postSolution
		SolutionGuid = {F7628DB6-34E2-4B53-A02C-B39CA0F374FA}
	EndGlobalSection
EndGlobal
